
Microsoft Visual Studio Solution File, Format Version 12.00
# Visual Studio 15
VisualStudioVersion = 15.0.27428.2015
MinimumVisualStudioVersion = 10.0.40219.1
Project("{FAE04EC0-301F-11D3-BF4B-00C04F79EFBC}") = "demoapi", "demoapi\demoapi.csproj", "{A3EBA09B-3191-4DA4-A142-4C5E287DD453}"
EndProject
Global
	GlobalSection(SolutionConfigurationPlatforms) = preSolution
		Debug|Any CPU = Debug|Any CPU
		Release|Any CPU = Release|Any CPU
	EndGlobalSection
	GlobalSection(ProjectConfigurationPlatforms) = postSolution
		{A3EBA09B-3191-4DA4-A142-4C5E287DD453}.Debug|Any CPU.ActiveCfg = Debug|Any CPU
		{A3EBA09B-3191-4DA4-A142-4C5E287DD453}.Debug|Any CPU.Build.0 = Debug|Any CPU
		{A3EBA09B-3191-4DA4-A142-4C5E287DD453}.Release|Any CPU.ActiveCfg = Release|Any CPU
		{A3EBA09B-3191-4DA4-A142-4C5E287DD453}.Release|Any CPU.Build.0 = Release|Any CPU
	EndGlobalSection
	GlobalSection(SolutionProperties) = preSolution
		HideSolutionNode = FALSE
	EndGlobalSection
	GlobalSection(ExtensibilityGlobals) = postSolution
		SolutionGuid = {BD7B0BBF-A63A-46F1-97AA-5D5D3F520EEE}
	EndGlobalSection
EndGlobal
